
Microsoft Visual Studio Solution File, Format Version 12.00
# Visual Studio 15
VisualStudioVersion = 15.0.28010.2046
MinimumVisualStudioVersion = 10.0.40219.1
Project("{9A19103F-16F7-4668-BE54-9A1E7A4F7556}") = "GetARideService", "GetARideService\GetARideService.csproj", "{BE7081D4-61F5-4189-959A-16B24FDEE8A3}"
EndProject
Project("{9A19103F-16F7-4668-BE54-9A1E7A4F7556}") = "GetARideServiceConsoleTests", "GetARideServiceConsoleTests\GetARideServiceConsoleTests.csproj", "{B230DA1C-A6C0-41D1-B6DA-12231ED0B119}"
EndProject
Project("{9A19103F-16F7-4668-BE54-9A1E7A4F7556}") = "GetARideWebApp", "GetARideWebApp\GetARideWebApp.csproj", "{2CFB8EDE-615F-4201-A552-F53D210E17F6}"
EndProject
Project("{2150E333-8FDC-42A3-9474-1A3956D46DE8}") = "Tests", "Tests", "{00893AB2-D697-499E-B34D-DBBC085053F3}"
EndProject
Project("{FAE04EC0-301F-11D3-BF4B-00C04F79EFBC}") = "GetARideUnitTests", "GetARideUnitTests\GetARideUnitTests.csproj", "{C30EDE00-E2DE-4657-BFC6-A1F03F70F6C1}"
EndProject
Global
	GlobalSection(SolutionConfigurationPlatforms) = preSolution
		Debug|Any CPU = Debug|Any CPU
		Release|Any CPU = Release|Any CPU
	EndGlobalSection
	GlobalSection(ProjectConfigurationPlatforms) = postSolution
		{BE7081D4-61F5-4189-959A-16B24FDEE8A3}.Debug|Any CPU.ActiveCfg = Debug|Any CPU
		{BE7081D4-61F5-4189-959A-16B24FDEE8A3}.Debug|Any CPU.Build.0 = Debug|Any CPU
		{BE7081D4-61F5-4189-959A-16B24FDEE8A3}.Release|Any CPU.ActiveCfg = Release|Any CPU
		{BE7081D4-61F5-4189-959A-16B24FDEE8A3}.Release|Any CPU.Build.0 = Release|Any CPU
		{B230DA1C-A6C0-41D1-B6DA-12231ED0B119}.Debug|Any CPU.ActiveCfg = Debug|Any CPU
		{B230DA1C-A6C0-41D1-B6DA-12231ED0B119}.Debug|Any CPU.Build.0 = Debug|Any CPU
		{B230DA1C-A6C0-41D1-B6DA-12231ED0B119}.Release|Any CPU.ActiveCfg = Release|Any CPU
		{B230DA1C-A6C0-41D1-B6DA-12231ED0B119}.Release|Any CPU.Build.0 = Release|Any CPU
		{2CFB8EDE-615F-4201-A552-F53D210E17F6}.Debug|Any CPU.ActiveCfg = Debug|Any CPU
		{2CFB8EDE-615F-4201-A552-F53D210E17F6}.Debug|Any CPU.Build.0 = Debug|Any CPU
		{2CFB8EDE-615F-4201-A552-F53D210E17F6}.Release|Any CPU.ActiveCfg = Release|Any CPU
		{2CFB8EDE-615F-4201-A552-F53D210E17F6}.Release|Any CPU.Build.0 = Release|Any CPU
		{C30EDE00-E2DE-4657-BFC6-A1F03F70F6C1}.Debug|Any CPU.ActiveCfg = Debug|Any CPU
		{C30EDE00-E2DE-4657-BFC6-A1F03F70F6C1}.Debug|Any CPU.Build.0 = Debug|Any CPU
		{C30EDE00-E2DE-4657-BFC6-A1F03F70F6C1}.Release|Any CPU.ActiveCfg = Release|Any CPU
		{C30EDE00-E2DE-4657-BFC6-A1F03F70F6C1}.Release|Any CPU.Build.0 = Release|Any CPU
	EndGlobalSection
	GlobalSection(SolutionProperties) = preSolution
		HideSolutionNode = FALSE
	EndGlobalSection
	GlobalSection(NestedProjects) = preSolution
		{C30EDE00-E2DE-4657-BFC6-A1F03F70F6C1} = {00893AB2-D697-499E-B34D-DBBC085053F3}
	EndGlobalSection
	GlobalSection(ExtensibilityGlobals) = postSolution
		SolutionGuid = {2B40015F-E06C-4497-AB4A-AD64643E9582}
	EndGlobalSection
EndGlobal
